// !$*UTF8*$!
{
	archiveVersion = 1;
	classes = {
	};
	objectVersion = 50;
	objects = {

/* Begin PBXBuildFile section */
		1536B971A0890399D147B6CB /* Pods_RxExamples.framework in Frameworks */ = {isa = PBXBuildFile; fileRef = 67EDD62BC014189CF7198CA8 /* Pods_RxExamples.framework */; };
		25F06BE1D6D8CE90F913608F /* Pods_RxExamplesTests.framework in Frameworks */ = {isa = PBXBuildFile; fileRef = F1CF735E81611DBBC1C10ADE /* Pods_RxExamplesTests.framework */; };
		4918EB1A21C739E600EDB763 /* AppDelegate.swift in Sources */ = {isa = PBXBuildFile; fileRef = 4918EB1921C739E600EDB763 /* AppDelegate.swift */; };
		4918EB1C21C739E600EDB763 /* ViewController.swift in Sources */ = {isa = PBXBuildFile; fileRef = 4918EB1B21C739E600EDB763 /* ViewController.swift */; };
		4918EB1F21C739E600EDB763 /* Main.storyboard in Resources */ = {isa = PBXBuildFile; fileRef = 4918EB1D21C739E600EDB763 /* Main.storyboard */; };
		4918EB2121C739E700EDB763 /* Assets.xcassets in Resources */ = {isa = PBXBuildFile; fileRef = 4918EB2021C739E700EDB763 /* Assets.xcassets */; };
		4918EB2421C739E700EDB763 /* LaunchScreen.storyboard in Resources */ = {isa = PBXBuildFile; fileRef = 4918EB2221C739E700EDB763 /* LaunchScreen.storyboard */; };
		4918EB3A21C73A9000EDB763 /* SingleTests.swift in Sources */ = {isa = PBXBuildFile; fileRef = 4918EB3921C73A9000EDB763 /* SingleTests.swift */; };
		4918EB3D21C76A3D00EDB763 /* ObservableTests.swift in Sources */ = {isa = PBXBuildFile; fileRef = 4918EB3C21C76A3D00EDB763 /* ObservableTests.swift */; };
		4918EB3F21C76A8200EDB763 /* SingleError.swift in Sources */ = {isa = PBXBuildFile; fileRef = 4918EB3E21C76A8200EDB763 /* SingleError.swift */; };
/* End PBXBuildFile section */

/* Begin PBXContainerItemProxy section */
		4918EB2B21C739E800EDB763 /* PBXContainerItemProxy */ = {
			isa = PBXContainerItemProxy;
			containerPortal = 4918EB0E21C739E600EDB763 /* Project object */;
			proxyType = 1;
			remoteGlobalIDString = 4918EB1521C739E600EDB763;
			remoteInfo = RxExamples;
		};
/* End PBXContainerItemProxy section */

/* Begin PBXFileReference section */
		023D311A05FCF2BC542A741D /* Pods-RxExamples.release.xcconfig */ = {isa = PBXFileReference; includeInIndex = 1; lastKnownFileType = text.xcconfig; name = "Pods-RxExamples.release.xcconfig"; path = "Pods/Target Support Files/Pods-RxExamples/Pods-RxExamples.release.xcconfig"; sourceTree = "<group>"; };
		2C2475B8188C519C310CEC25 /* Pods-RxExamplesTests.debug.xcconfig */ = {isa = PBXFileReference; includeInIndex = 1; lastKnownFileType = text.xcconfig; name = "Pods-RxExamplesTests.debug.xcconfig"; path = "Pods/Target Support Files/Pods-RxExamplesTests/Pods-RxExamplesTests.debug.xcconfig"; sourceTree = "<group>"; };
		44884538B09804A964AED5FF /* Pods-RxExamples.debug.xcconfig */ = {isa = PBXFileReference; includeInIndex = 1; lastKnownFileType = text.xcconfig; name = "Pods-RxExamples.debug.xcconfig"; path = "Pods/Target Support Files/Pods-RxExamples/Pods-RxExamples.debug.xcconfig"; sourceTree = "<group>"; };
		4918EB1621C739E600EDB763 /* RxExamples.app */ = {isa = PBXFileReference; explicitFileType = wrapper.application; includeInIndex = 0; path = RxExamples.app; sourceTree = BUILT_PRODUCTS_DIR; };
		4918EB1921C739E600EDB763 /* AppDelegate.swift */ = {isa = PBXFileReference; lastKnownFileType = sourcecode.swift; path = AppDelegate.swift; sourceTree = "<group>"; };
		4918EB1B21C739E600EDB763 /* ViewController.swift */ = {isa = PBXFileReference; lastKnownFileType = sourcecode.swift; path = ViewController.swift; sourceTree = "<group>"; };
		4918EB1E21C739E600EDB763 /* Base */ = {isa = PBXFileReference; lastKnownFileType = file.storyboard; name = Base; path = Base.lproj/Main.storyboard; sourceTree = "<group>"; };
		4918EB2021C739E700EDB763 /* Assets.xcassets */ = {isa = PBXFileReference; lastKnownFileType = folder.assetcatalog; path = Assets.xcassets; sourceTree = "<group>"; };
		4918EB2321C739E700EDB763 /* Base */ = {isa = PBXFileReference; lastKnownFileType = file.storyboard; name = Base; path = Base.lproj/LaunchScreen.storyboard; sourceTree = "<group>"; };
		4918EB2521C739E700EDB763 /* Info.plist */ = {isa = PBXFileReference; lastKnownFileType = text.plist.xml; path = Info.plist; sourceTree = "<group>"; };
		4918EB2A21C739E800EDB763 /* RxExamplesTests.xctest */ = {isa = PBXFileReference; explicitFileType = wrapper.cfbundle; includeInIndex = 0; path = RxExamplesTests.xctest; sourceTree = BUILT_PRODUCTS_DIR; };
		4918EB3021C739E800EDB763 /* Info.plist */ = {isa = PBXFileReference; lastKnownFileType = text.plist.xml; path = Info.plist; sourceTree = "<group>"; };
		4918EB3921C73A9000EDB763 /* SingleTests.swift */ = {isa = PBXFileReference; lastKnownFileType = sourcecode.swift; path = SingleTests.swift; sourceTree = "<group>"; };
		4918EB3C21C76A3D00EDB763 /* ObservableTests.swift */ = {isa = PBXFileReference; lastKnownFileType = sourcecode.swift; path = ObservableTests.swift; sourceTree = "<group>"; };
		4918EB3E21C76A8200EDB763 /* SingleError.swift */ = {isa = PBXFileReference; lastKnownFileType = sourcecode.swift; path = SingleError.swift; sourceTree = "<group>"; };
		67EDD62BC014189CF7198CA8 /* Pods_RxExamples.framework */ = {isa = PBXFileReference; explicitFileType = wrapper.framework; includeInIndex = 0; path = Pods_RxExamples.framework; sourceTree = BUILT_PRODUCTS_DIR; };
		9E1700347FCC91C371172E2A /* Pods-RxExamplesTests.release.xcconfig */ = {isa = PBXFileReference; includeInIndex = 1; lastKnownFileType = text.xcconfig; name = "Pods-RxExamplesTests.release.xcconfig"; path = "Pods/Target Support Files/Pods-RxExamplesTests/Pods-RxExamplesTests.release.xcconfig"; sourceTree = "<group>"; };
		F1CF735E81611DBBC1C10ADE /* Pods_RxExamplesTests.framework */ = {isa = PBXFileReference; explicitFileType = wrapper.framework; includeInIndex = 0; path = Pods_RxExamplesTests.framework; sourceTree = BUILT_PRODUCTS_DIR; };
/* End PBXFileReference section */

/* Begin PBXFrameworksBuildPhase section */
		4918EB1321C739E600EDB763 /* Frameworks */ = {
			isa = PBXFrameworksBuildPhase;
			buildActionMask = 2147483647;
			files = (
				1536B971A0890399D147B6CB /* Pods_RxExamples.framework in Frameworks */,
			);
			runOnlyForDeploymentPostprocessing = 0;
		};
		4918EB2721C739E800EDB763 /* Frameworks */ = {
			isa = PBXFrameworksBuildPhase;
			buildActionMask = 2147483647;
			files = (
				25F06BE1D6D8CE90F913608F /* Pods_RxExamplesTests.framework in Frameworks */,
			);
			runOnlyForDeploymentPostprocessing = 0;
		};
/* End PBXFrameworksBuildPhase section */

/* Begin PBXGroup section */
		4918EB0D21C739E600EDB763 = {
			isa = PBXGroup;
			children = (
				4918EB1821C739E600EDB763 /* RxExamples */,
				4918EB2D21C739E800EDB763 /* RxExamplesTests */,
				4918EB1721C739E600EDB763 /* Products */,
				DC9B2301EEBC5CDE902F554C /* Pods */,
				9EB5A6F7168018DA4AFAF5F6 /* Frameworks */,
			);
			sourceTree = "<group>";
		};
		4918EB1721C739E600EDB763 /* Products */ = {
			isa = PBXGroup;
			children = (
				4918EB1621C739E600EDB763 /* RxExamples.app */,
				4918EB2A21C739E800EDB763 /* RxExamplesTests.xctest */,
			);
			name = Products;
			sourceTree = "<group>";
		};
		4918EB1821C739E600EDB763 /* RxExamples */ = {
			isa = PBXGroup;
			children = (
				4918EB1921C739E600EDB763 /* AppDelegate.swift */,
				4918EB1B21C739E600EDB763 /* ViewController.swift */,
				4918EB1D21C739E600EDB763 /* Main.storyboard */,
				4918EB2021C739E700EDB763 /* Assets.xcassets */,
				4918EB2221C739E700EDB763 /* LaunchScreen.storyboard */,
				4918EB2521C739E700EDB763 /* Info.plist */,
			);
			path = RxExamples;
			sourceTree = "<group>";
		};
		4918EB2D21C739E800EDB763 /* RxExamplesTests */ = {
			isa = PBXGroup;
			children = (
				4918EB3021C739E800EDB763 /* Info.plist */,
				4918EB3921C73A9000EDB763 /* SingleTests.swift */,
				4918EB3C21C76A3D00EDB763 /* ObservableTests.swift */,
				4918EB3E21C76A8200EDB763 /* SingleError.swift */,
			);
			path = RxExamplesTests;
			sourceTree = "<group>";
		};
		9EB5A6F7168018DA4AFAF5F6 /* Frameworks */ = {
			isa = PBXGroup;
			children = (
				67EDD62BC014189CF7198CA8 /* Pods_RxExamples.framework */,
				F1CF735E81611DBBC1C10ADE /* Pods_RxExamplesTests.framework */,
			);
			name = Frameworks;
			sourceTree = "<group>";
		};
		DC9B2301EEBC5CDE902F554C /* Pods */ = {
			isa = PBXGroup;
			children = (
				44884538B09804A964AED5FF /* Pods-RxExamples.debug.xcconfig */,
				023D311A05FCF2BC542A741D /* Pods-RxExamples.release.xcconfig */,
				2C2475B8188C519C310CEC25 /* Pods-RxExamplesTests.debug.xcconfig */,
				9E1700347FCC91C371172E2A /* Pods-RxExamplesTests.release.xcconfig */,
			);
			name = Pods;
			sourceTree = "<group>";
		};
/* End PBXGroup section */

/* Begin PBXNativeTarget section */
		4918EB1521C739E600EDB763 /* RxExamples */ = {
			isa = PBXNativeTarget;
			buildConfigurationList = 4918EB3321C739E800EDB763 /* Build configuration list for PBXNativeTarget "RxExamples" */;
			buildPhases = (
				6E02E8EE2A8647BC7E3A9F81 /* [CP] Check Pods Manifest.lock */,
				4918EB1221C739E600EDB763 /* Sources */,
				4918EB1321C739E600EDB763 /* Frameworks */,
				4918EB1421C739E600EDB763 /* Resources */,
				89815DB748665798AF3B5ED2 /* [CP] Embed Pods Frameworks */,
			);
			buildRules = (
			);
			dependencies = (
			);
			name = RxExamples;
			productName = RxExamples;
			productReference = 4918EB1621C739E600EDB763 /* RxExamples.app */;
			productType = "com.apple.product-type.application";
		};
		4918EB2921C739E800EDB763 /* RxExamplesTests */ = {
			isa = PBXNativeTarget;
			buildConfigurationList = 4918EB3621C739E800EDB763 /* Build configuration list for PBXNativeTarget "RxExamplesTests" */;
			buildPhases = (
				BFB053B6F9AE7648288DDAC5 /* [CP] Check Pods Manifest.lock */,
				4918EB2621C739E800EDB763 /* Sources */,
				4918EB2721C739E800EDB763 /* Frameworks */,
				4918EB2821C739E800EDB763 /* Resources */,
				36DAF007516769B285BB425F /* [CP] Embed Pods Frameworks */,
			);
			buildRules = (
			);
			dependencies = (
				4918EB2C21C739E800EDB763 /* PBXTargetDependency */,
			);
			name = RxExamplesTests;
			productName = RxExamplesTests;
			productReference = 4918EB2A21C739E800EDB763 /* RxExamplesTests.xctest */;
			productType = "com.apple.product-type.bundle.unit-test";
		};
/* End PBXNativeTarget section */

/* Begin PBXProject section */
		4918EB0E21C739E600EDB763 /* Project object */ = {
			isa = PBXProject;
			attributes = {
				LastSwiftUpdateCheck = 1010;
				LastUpgradeCheck = 1010;
				ORGANIZATIONNAME = "유금상";
				TargetAttributes = {
					4918EB1521C739E600EDB763 = {
						CreatedOnToolsVersion = 10.1;
					};
					4918EB2921C739E800EDB763 = {
						CreatedOnToolsVersion = 10.1;
						TestTargetID = 4918EB1521C739E600EDB763;
					};
				};
			};
			buildConfigurationList = 4918EB1121C739E600EDB763 /* Build configuration list for PBXProject "RxExamples" */;
			compatibilityVersion = "Xcode 9.3";
			developmentRegion = en;
			hasScannedForEncodings = 0;
			knownRegions = (
				en,
				Base,
			);
			mainGroup = 4918EB0D21C739E600EDB763;
			productRefGroup = 4918EB1721C739E600EDB763 /* Products */;
			projectDirPath = "";
			projectRoot = "";
			targets = (
				4918EB1521C739E600EDB763 /* RxExamples */,
				4918EB2921C739E800EDB763 /* RxExamplesTests */,
			);
		};
/* End PBXProject section */

/* Begin PBXResourcesBuildPhase section */
		4918EB1421C739E600EDB763 /* Resources */ = {
			isa = PBXResourcesBuildPhase;
			buildActionMask = 2147483647;
			files = (
				4918EB2421C739E700EDB763 /* LaunchScreen.storyboard in Resources */,
				4918EB2121C739E700EDB763 /* Assets.xcassets in Resources */,
				4918EB1F21C739E600EDB763 /* Main.storyboard in Resources */,
			);
			runOnlyForDeploymentPostprocessing = 0;
		};
		4918EB2821C739E800EDB763 /* Resources */ = {
			isa = PBXResourcesBuildPhase;
			buildActionMask = 2147483647;
			files = (
			);
			runOnlyForDeploymentPostprocessing = 0;
		};
/* End PBXResourcesBuildPhase section */

/* Begin PBXShellScriptBuildPhase section */
		36DAF007516769B285BB425F /* [CP] Embed Pods Frameworks */ = {
			isa = PBXShellScriptBuildPhase;
			buildActionMask = 2147483647;
			files = (
			);
			inputFileListPaths = (
			);
			inputPaths = (
				"${SRCROOT}/Pods/Target Support Files/Pods-RxExamplesTests/Pods-RxExamplesTests-frameworks.sh",
				"${BUILT_PRODUCTS_DIR}/Nimble/Nimble.framework",
				"${BUILT_PRODUCTS_DIR}/Quick/Quick.framework",
			);
			name = "[CP] Embed Pods Frameworks";
			outputFileListPaths = (
			);
			outputPaths = (
				"${TARGET_BUILD_DIR}/${FRAMEWORKS_FOLDER_PATH}/Nimble.framework",
				"${TARGET_BUILD_DIR}/${FRAMEWORKS_FOLDER_PATH}/Quick.framework",
			);
			runOnlyForDeploymentPostprocessing = 0;
			shellPath = /bin/sh;
			shellScript = "\"${SRCROOT}/Pods/Target Support Files/Pods-RxExamplesTests/Pods-RxExamplesTests-frameworks.sh\"\n";
			showEnvVarsInLog = 0;
		};
		6E02E8EE2A8647BC7E3A9F81 /* [CP] Check Pods Manifest.lock */ = {
			isa = PBXShellScriptBuildPhase;
			buildActionMask = 2147483647;
			files = (
			);
			inputFileListPaths = (
			);
			inputPaths = (
				"${PODS_PODFILE_DIR_PATH}/Podfile.lock",
				"${PODS_ROOT}/Manifest.lock",
			);
			name = "[CP] Check Pods Manifest.lock";
			outputFileListPaths = (
			);
			outputPaths = (
				"$(DERIVED_FILE_DIR)/Pods-RxExamples-checkManifestLockResult.txt",
			);
			runOnlyForDeploymentPostprocessing = 0;
			shellPath = /bin/sh;
			shellScript = "diff \"${PODS_PODFILE_DIR_PATH}/Podfile.lock\" \"${PODS_ROOT}/Manifest.lock\" > /dev/null\nif [ $? != 0 ] ; then\n    # print error to STDERR\n    echo \"error: The sandbox is not in sync with the Podfile.lock. Run 'pod install' or update your CocoaPods installation.\" >&2\n    exit 1\nfi\n# This output is used by Xcode 'outputs' to avoid re-running this script phase.\necho \"SUCCESS\" > \"${SCRIPT_OUTPUT_FILE_0}\"\n";
			showEnvVarsInLog = 0;
		};
		89815DB748665798AF3B5ED2 /* [CP] Embed Pods Frameworks */ = {
			isa = PBXShellScriptBuildPhase;
			buildActionMask = 2147483647;
			files = (
			);
			inputFileListPaths = (
			);
			inputPaths = (
				"${SRCROOT}/Pods/Target Support Files/Pods-RxExamples/Pods-RxExamples-frameworks.sh",
				"${BUILT_PRODUCTS_DIR}/RxAtomic/RxAtomic.framework",
				"${BUILT_PRODUCTS_DIR}/RxCocoa/RxCocoa.framework",
				"${BUILT_PRODUCTS_DIR}/RxSwift/RxSwift.framework",
			);
			name = "[CP] Embed Pods Frameworks";
			outputFileListPaths = (
			);
			outputPaths = (
				"${TARGET_BUILD_DIR}/${FRAMEWORKS_FOLDER_PATH}/RxAtomic.framework",
				"${TARGET_BUILD_DIR}/${FRAMEWORKS_FOLDER_PATH}/RxCocoa.framework",
				"${TARGET_BUILD_DIR}/${FRAMEWORKS_FOLDER_PATH}/RxSwift.framework",
			);
			runOnlyForDeploymentPostprocessing = 0;
			shellPath = /bin/sh;
			shellScript = "\"${SRCROOT}/Pods/Target Support Files/Pods-RxExamples/Pods-RxExamples-frameworks.sh\"\n";
			showEnvVarsInLog = 0;
		};
		BFB053B6F9AE7648288DDAC5 /* [CP] Check Pods Manifest.lock */ = {
			isa = PBXShellScriptBuildPhase;
			buildActionMask = 2147483647;
			files = (
			);
			inputFileListPaths = (
			);
			inputPaths = (
				"${PODS_PODFILE_DIR_PATH}/Podfile.lock",
				"${PODS_ROOT}/Manifest.lock",
			);
			name = "[CP] Check Pods Manifest.lock";
			outputFileListPaths = (
			);
			outputPaths = (
				"$(DERIVED_FILE_DIR)/Pods-RxExamplesTests-checkManifestLockResult.txt",
			);
			runOnlyForDeploymentPostprocessing = 0;
			shellPath = /bin/sh;
			shellScript = "diff \"${PODS_PODFILE_DIR_PATH}/Podfile.lock\" \"${PODS_ROOT}/Manifest.lock\" > /dev/null\nif [ $? != 0 ] ; then\n    # print error to STDERR\n    echo \"error: The sandbox is not in sync with the Podfile.lock. Run 'pod install' or update your CocoaPods installation.\" >&2\n    exit 1\nfi\n# This output is used by Xcode 'outputs' to avoid re-running this script phase.\necho \"SUCCESS\" > \"${SCRIPT_OUTPUT_FILE_0}\"\n";
			showEnvVarsInLog = 0;
		};
/* End PBXShellScriptBuildPhase section */

/* Begin PBXSourcesBuildPhase section */
		4918EB1221C739E600EDB763 /* Sources */ = {
			isa = PBXSourcesBuildPhase;
			buildActionMask = 2147483647;
			files = (
				4918EB1C21C739E600EDB763 /* ViewController.swift in Sources */,
				4918EB1A21C739E600EDB763 /* AppDelegate.swift in Sources */,
			);
			runOnlyForDeploymentPostprocessing = 0;
		};
		4918EB2621C739E800EDB763 /* Sources */ = {
			isa = PBXSourcesBuildPhase;
			buildActionMask = 2147483647;
			files = (
				4918EB3F21C76A8200EDB763 /* SingleError.swift in Sources */,
				4918EB3D21C76A3D00EDB763 /* ObservableTests.swift in Sources */,
				4918EB3A21C73A9000EDB763 /* SingleTests.swift in Sources */,
			);
			runOnlyForDeploymentPostprocessing = 0;
		};
/* End PBXSourcesBuildPhase section */

/* Begin PBXTargetDependency section */
		4918EB2C21C739E800EDB763 /* PBXTargetDependency */ = {
			isa = PBXTargetDependency;
			target = 4918EB1521C739E600EDB763 /* RxExamples */;
			targetProxy = 4918EB2B21C739E800EDB763 /* PBXContainerItemProxy */;
		};
/* End PBXTargetDependency section */

/* Begin PBXVariantGroup section */
		4918EB1D21C739E600EDB763 /* Main.storyboard */ = {
			isa = PBXVariantGroup;
			children = (
				4918EB1E21C739E600EDB763 /* Base */,
			);
			name = Main.storyboard;
			sourceTree = "<group>";
		};
		4918EB2221C739E700EDB763 /* LaunchScreen.storyboard */ = {
			isa = PBXVariantGroup;
			children = (
				4918EB2321C739E700EDB763 /* Base */,
			);
			name = LaunchScreen.storyboard;
			sourceTree = "<group>";
		};
/* End PBXVariantGroup section */

/* Begin XCBuildConfiguration section */
		4918EB3121C739E800EDB763 /* Debug */ = {
			isa = XCBuildConfiguration;
			buildSettings = {
				ALWAYS_SEARCH_USER_PATHS = NO;
				CLANG_ANALYZER_NONNULL = YES;
				CLANG_ANALYZER_NUMBER_OBJECT_CONVERSION = YES_AGGRESSIVE;
				CLANG_CXX_LANGUAGE_STANDARD = "gnu++14";
				CLANG_CXX_LIBRARY = "libc++";
				CLANG_ENABLE_MODULES = YES;
				CLANG_ENABLE_OBJC_ARC = YES;
				CLANG_ENABLE_OBJC_WEAK = YES;
				CLANG_WARN_BLOCK_CAPTURE_AUTORELEASING = YES;
				CLANG_WARN_BOOL_CONVERSION = YES;
				CLANG_WARN_COMMA = YES;
				CLANG_WARN_CONSTANT_CONVERSION = YES;
				CLANG_WARN_DEPRECATED_OBJC_IMPLEMENTATIONS = YES;
				CLANG_WARN_DIRECT_OBJC_ISA_USAGE = YES_ERROR;
				CLANG_WARN_DOCUMENTATION_COMMENTS = YES;
				CLANG_WARN_EMPTY_BODY = YES;
				CLANG_WARN_ENUM_CONVERSION = YES;
				CLANG_WARN_INFINITE_RECURSION = YES;
				CLANG_WARN_INT_CONVERSION = YES;
				CLANG_WARN_NON_LITERAL_NULL_CONVERSION = YES;
				CLANG_WARN_OBJC_IMPLICIT_RETAIN_SELF = YES;
				CLANG_WARN_OBJC_LITERAL_CONVERSION = YES;
				CLANG_WARN_OBJC_ROOT_CLASS = YES_ERROR;
				CLANG_WARN_RANGE_LOOP_ANALYSIS = YES;
				CLANG_WARN_STRICT_PROTOTYPES = YES;
				CLANG_WARN_SUSPICIOUS_MOVE = YES;
				CLANG_WARN_UNGUARDED_AVAILABILITY = YES_AGGRESSIVE;
				CLANG_WARN_UNREACHABLE_CODE = YES;
				CLANG_WARN__DUPLICATE_METHOD_MATCH = YES;
				CODE_SIGN_IDENTITY = "iPhone Developer";
				COPY_PHASE_STRIP = NO;
				DEBUG_INFORMATION_FORMAT = dwarf;
				ENABLE_STRICT_OBJC_MSGSEND = YES;
				ENABLE_TESTABILITY = YES;
				GCC_C_LANGUAGE_STANDARD = gnu11;
				GCC_DYNAMIC_NO_PIC = NO;
				GCC_NO_COMMON_BLOCKS = YES;
				GCC_OPTIMIZATION_LEVEL = 0;
				GCC_PREPROCESSOR_DEFINITIONS = (
					"DEBUG=1",
					"$(inherited)",
				);
				GCC_WARN_64_TO_32_BIT_CONVERSION = YES;
				GCC_WARN_ABOUT_RETURN_TYPE = YES_ERROR;
				GCC_WARN_UNDECLARED_SELECTOR = YES;
				GCC_WARN_UNINITIALIZED_AUTOS = YES_AGGRESSIVE;
				GCC_WARN_UNUSED_FUNCTION = YES;
				GCC_WARN_UNUSED_VARIABLE = YES;
				IPHONEOS_DEPLOYMENT_TARGET = 12.1;
				MTL_ENABLE_DEBUG_INFO = INCLUDE_SOURCE;
				MTL_FAST_MATH = YES;
				ONLY_ACTIVE_ARCH = YES;
				SDKROOT = iphoneos;
				SWIFT_ACTIVE_COMPILATION_CONDITIONS = DEBUG;
				SWIFT_OPTIMIZATION_LEVEL = "-Onone";
			};
			name = Debug;
		};
		4918EB3221C739E800EDB763 /* Release */ = {
			isa = XCBuildConfiguration;
			buildSettings = {
				ALWAYS_SEARCH_USER_PATHS = NO;
				CLANG_ANALYZER_NONNULL = YES;
				CLANG_ANALYZER_NUMBER_OBJECT_CONVERSION = YES_AGGRESSIVE;
				CLANG_CXX_LANGUAGE_STANDARD = "gnu++14";
				CLANG_CXX_LIBRARY = "libc++";
				CLANG_ENABLE_MODULES = YES;
				CLANG_ENABLE_OBJC_ARC = YES;
				CLANG_ENABLE_OBJC_WEAK = YES;
				CLANG_WARN_BLOCK_CAPTURE_AUTORELEASING = YES;
				CLANG_WARN_BOOL_CONVERSION = YES;
				CLANG_WARN_COMMA = YES;
				CLANG_WARN_CONSTANT_CONVERSION = YES;
				CLANG_WARN_DEPRECATED_OBJC_IMPLEMENTATIONS = YES;
				CLANG_WARN_DIRECT_OBJC_ISA_USAGE = YES_ERROR;
				CLANG_WARN_DOCUMENTATION_COMMENTS = YES;
				CLANG_WARN_EMPTY_BODY = YES;
				CLANG_WARN_ENUM_CONVERSION = YES;
				CLANG_WARN_INFINITE_RECURSION = YES;
				CLANG_WARN_INT_CONVERSION = YES;
				CLANG_WARN_NON_LITERAL_NULL_CONVERSION = YES;
				CLANG_WARN_OBJC_IMPLICIT_RETAIN_SELF = YES;
				CLANG_WARN_OBJC_LITERAL_CONVERSION = YES;
				CLANG_WARN_OBJC_ROOT_CLASS = YES_ERROR;
				CLANG_WARN_RANGE_LOOP_ANALYSIS = YES;
				CLANG_WARN_STRICT_PROTOTYPES = YES;
				CLANG_WARN_SUSPICIOUS_MOVE = YES;
				CLANG_WARN_UNGUARDED_AVAILABILITY = YES_AGGRESSIVE;
				CLANG_WARN_UNREACHABLE_CODE = YES;
				CLANG_WARN__DUPLICATE_METHOD_MATCH = YES;
				CODE_SIGN_IDENTITY = "iPhone Developer";
				COPY_PHASE_STRIP = NO;
				DEBUG_INFORMATION_FORMAT = "dwarf-with-dsym";
				ENABLE_NS_ASSERTIONS = NO;
				ENABLE_STRICT_OBJC_MSGSEND = YES;
				GCC_C_LANGUAGE_STANDARD = gnu11;
				GCC_NO_COMMON_BLOCKS = YES;
				GCC_WARN_64_TO_32_BIT_CONVERSION = YES;
				GCC_WARN_ABOUT_RETURN_TYPE = YES_ERROR;
				GCC_WARN_UNDECLARED_SELECTOR = YES;
				GCC_WARN_UNINITIALIZED_AUTOS = YES_AGGRESSIVE;
				GCC_WARN_UNUSED_FUNCTION = YES;
				GCC_WARN_UNUSED_VARIABLE = YES;
				IPHONEOS_DEPLOYMENT_TARGET = 12.1;
				MTL_ENABLE_DEBUG_INFO = NO;
				MTL_FAST_MATH = YES;
				SDKROOT = iphoneos;
				SWIFT_COMPILATION_MODE = wholemodule;
				SWIFT_OPTIMIZATION_LEVEL = "-O";
				VALIDATE_PRODUCT = YES;
			};
			name = Release;
		};
		4918EB3421C739E800EDB763 /* Debug */ = {
			isa = XCBuildConfiguration;
			baseConfigurationReference = 44884538B09804A964AED5FF /* Pods-RxExamples.debug.xcconfig */;
			buildSettings = {
				ASSETCATALOG_COMPILER_APPICON_NAME = AppIcon;
				CODE_SIGN_STYLE = Automatic;
				DEVELOPMENT_TEAM = J4Z73MTKEX;
				INFOPLIST_FILE = RxExamples/Info.plist;
				LD_RUNPATH_SEARCH_PATHS = (
					"$(inherited)",
					"@executable_path/Frameworks",
				);
				PRODUCT_BUNDLE_IDENTIFIER = app.suprenote.RxExamples;
				PRODUCT_NAME = "$(TARGET_NAME)";
				SWIFT_VERSION = 4.2;
				TARGETED_DEVICE_FAMILY = "1,2";
			};
			name = Debug;
		};
		4918EB3521C739E800EDB763 /* Release */ = {
			isa = XCBuildConfiguration;
			baseConfigurationReference = 023D311A05FCF2BC542A741D /* Pods-RxExamples.release.xcconfig */;
			buildSettings = {
				ASSETCATALOG_COMPILER_APPICON_NAME = AppIcon;
				CODE_SIGN_STYLE = Automatic;
				DEVELOPMENT_TEAM = J4Z73MTKEX;
				INFOPLIST_FILE = RxExamples/Info.plist;
				LD_RUNPATH_SEARCH_PATHS = (
					"$(inherited)",
					"@executable_path/Frameworks",
				);
				PRODUCT_BUNDLE_IDENTIFIER = app.suprenote.RxExamples;
				PRODUCT_NAME = "$(TARGET_NAME)";
				SWIFT_VERSION = 4.2;
				TARGETED_DEVICE_FAMILY = "1,2";
			};
			name = Release;
		};
		4918EB3721C739E800EDB763 /* Debug */ = {
			isa = XCBuildConfiguration;
			baseConfigurationReference = 2C2475B8188C519C310CEC25 /* Pods-RxExamplesTests.debug.xcconfig */;
			buildSettings = {
				ALWAYS_EMBED_SWIFT_STANDARD_LIBRARIES = YES;
				BUNDLE_LOADER = "$(TEST_HOST)";
				CODE_SIGN_STYLE = Automatic;
				INFOPLIST_FILE = RxExamplesTests/Info.plist;
				LD_RUNPATH_SEARCH_PATHS = (
					"$(inherited)",
					"@executable_path/Frameworks",
					"@loader_path/Frameworks",
				);
				PRODUCT_BUNDLE_IDENTIFIER = app.suprenote.RxExamplesTests;
				PRODUCT_NAME = "$(TARGET_NAME)";
				SWIFT_VERSION = 4.2;
				TARGETED_DEVICE_FAMILY = "1,2";
				TEST_HOST = "$(BUILT_PRODUCTS_DIR)/RxExamples.app/RxExamples";
			};
			name = Debug;
		};
		4918EB3821C739E800EDB763 /* Release */ = {
			isa = XCBuildConfiguration;
			baseConfigurationReference = 9E1700347FCC91C371172E2A /* Pods-RxExamplesTests.release.xcconfig */;
			buildSettings = {
				ALWAYS_EMBED_SWIFT_STANDARD_LIBRARIES = YES;
				BUNDLE_LOADER = "$(TEST_HOST)";
				CODE_SIGN_STYLE = Automatic;
				INFOPLIST_FILE = RxExamplesTests/Info.plist;
				LD_RUNPATH_SEARCH_PATHS = (
					"$(inherited)",
					"@executable_path/Frameworks",
					"@loader_path/Frameworks",
				);
				PRODUCT_BUNDLE_IDENTIFIER = app.suprenote.RxExamplesTests;
				PRODUCT_NAME = "$(TARGET_NAME)";
				SWIFT_VERSION = 4.2;
				TARGETED_DEVICE_FAMILY = "1,2";
				TEST_HOST = "$(BUILT_PRODUCTS_DIR)/RxExamples.app/RxExamples";
			};
			name = Release;
		};
/* End XCBuildConfiguration section */

/* Begin XCConfigurationList section */
		4918EB1121C739E600EDB763 /* Build configuration list for PBXProject "RxExamples" */ = {
			isa = XCConfigurationList;
			buildConfigurations = (
				4918EB3121C739E800EDB763 /* Debug */,
				4918EB3221C739E800EDB763 /* Release */,
			);
			defaultConfigurationIsVisible = 0;
			defaultConfigurationName = Release;
		};
		4918EB3321C739E800EDB763 /* Build configuration list for PBXNativeTarget "RxExamples" */ = {
			isa = XCConfigurationList;
			buildConfigurations = (
				4918EB3421C739E800EDB763 /* Debug */,
				4918EB3521C739E800EDB763 /* Release */,
			);
			defaultConfigurationIsVisible = 0;
			defaultConfigurationName = Release;
		};
		4918EB3621C739E800EDB763 /* Build configuration list for PBXNativeTarget "RxExamplesTests" */ = {
			isa = XCConfigurationList;
			buildConfigurations = (
				4918EB3721C739E800EDB763 /* Debug */,
				4918EB3821C739E800EDB763 /* Release */,
			);
			defaultConfigurationIsVisible = 0;
			defaultConfigurationName = Release;
		};
/* End XCConfigurationList section */
	};
	rootObject = 4918EB0E21C739E600EDB763 /* Project object */;
}
